
Microsoft Visual Studio Solution File, Format Version 9.00
# Visual Studio 2005
Project("{FAE04EC0-301F-11D3-BF4B-00C04F79EFBC}") = "Synapse.Core", "src\Synapse.Core\Synapse.Core.csproj", "{72DAF9C5-7295-4882-9CD1-AEE5FD2AB44B}"
EndProject
Project("{FAE04EC0-301F-11D3-BF4B-00C04F79EFBC}") = "Synapse.Xmpp", "src\Synapse.Xmpp\Synapse.Xmpp.csproj", "{C5518C86-09CA-427B-836A-65C551836AB1}"
EndProject
Project("{FAE04EC0-301F-11D3-BF4B-00C04F79EFBC}") = "Synapse.UI", "src\Synapse.UI\Synapse.UI.csproj", "{9B13B8FD-FC7F-496D-AC0E-5487C0D1608F}"
EndProject
Project("{2150E333-8FDC-42A3-9474-1A3956D46DE8}") = "Unit Tests", "Unit Tests", "{01529A97-A2E4-4393-993A-DE78719E9C30}"
EndProject
Project("{FAE04EC0-301F-11D3-BF4B-00C04F79EFBC}") = "Syanpse.Core.Tests", "unit-tests\Syanpse.Core.Tests\Syanpse.Core.Tests.csproj", "{143B9EF3-6841-454B-B231-9EDB495FA3FD}"
EndProject
Project("{FAE04EC0-301F-11D3-BF4B-00C04F79EFBC}") = "Synapse.CocoaClient", "src\Synapse.CocoaClient\Synapse.CocoaClient.csproj", "{693F7CF4-FC8B-42F8-AAE8-6DD002C022D5}"
EndProject
Project("{FAE04EC0-301F-11D3-BF4B-00C04F79EFBC}") = "Synapse.Services", "src\Synapse.Services\Synapse.Services.csproj", "{1027F2F0-95B1-4A50-AF3B-5B88C3BCD490}"
EndProject
Project("{2150E333-8FDC-42A3-9474-1A3956D46DE8}") = "Addins", "Addins", "{02D0A242-D63C-4243-8ED8-CF8DD9CC4A29}"
EndProject
Project("{FAE04EC0-301F-11D3-BF4B-00C04F79EFBC}") = "Flickr", "Addins\Flickr\Flickr.csproj", "{57470D69-BC99-40FC-AD1A-4BCB94B02D9C}"
EndProject
Project("{FAE04EC0-301F-11D3-BF4B-00C04F79EFBC}") = "Wikipedia", "Addins\Wikipedia\Wikipedia.csproj", "{01F669C5-BD80-42E8-BA49-68DE4D28C5E0}"
EndProject
Project("{FAE04EC0-301F-11D3-BF4B-00C04F79EFBC}") = "YouTube", "Addins\YouTube\YouTube.csproj", "{BF64FCA2-FD25-42A1-A0B7-EA48B839EFE3}"
EndProject
Global
	GlobalSection(SolutionConfigurationPlatforms) = preSolution
		Debug|Any CPU = Debug|Any CPU
		Release|Any CPU = Release|Any CPU
	EndGlobalSection
	GlobalSection(ProjectConfigurationPlatforms) = postSolution
		{01F669C5-BD80-42E8-BA49-68DE4D28C5E0}.Debug|Any CPU.ActiveCfg = Debug|Any CPU
		{01F669C5-BD80-42E8-BA49-68DE4D28C5E0}.Debug|Any CPU.Build.0 = Debug|Any CPU
		{01F669C5-BD80-42E8-BA49-68DE4D28C5E0}.Release|Any CPU.ActiveCfg = Release|Any CPU
		{01F669C5-BD80-42E8-BA49-68DE4D28C5E0}.Release|Any CPU.Build.0 = Release|Any CPU
		{1027F2F0-95B1-4A50-AF3B-5B88C3BCD490}.Debug|Any CPU.ActiveCfg = Debug|Any CPU
		{1027F2F0-95B1-4A50-AF3B-5B88C3BCD490}.Debug|Any CPU.Build.0 = Debug|Any CPU
		{1027F2F0-95B1-4A50-AF3B-5B88C3BCD490}.Release|Any CPU.ActiveCfg = Release|Any CPU
		{1027F2F0-95B1-4A50-AF3B-5B88C3BCD490}.Release|Any CPU.Build.0 = Release|Any CPU
		{143B9EF3-6841-454B-B231-9EDB495FA3FD}.Debug|Any CPU.ActiveCfg = Debug|Any CPU
		{143B9EF3-6841-454B-B231-9EDB495FA3FD}.Debug|Any CPU.Build.0 = Debug|Any CPU
		{143B9EF3-6841-454B-B231-9EDB495FA3FD}.Release|Any CPU.ActiveCfg = Release|Any CPU
		{143B9EF3-6841-454B-B231-9EDB495FA3FD}.Release|Any CPU.Build.0 = Release|Any CPU
		{57470D69-BC99-40FC-AD1A-4BCB94B02D9C}.Debug|Any CPU.ActiveCfg = Debug|Any CPU
		{57470D69-BC99-40FC-AD1A-4BCB94B02D9C}.Debug|Any CPU.Build.0 = Debug|Any CPU
		{57470D69-BC99-40FC-AD1A-4BCB94B02D9C}.Release|Any CPU.ActiveCfg = Release|Any CPU
		{57470D69-BC99-40FC-AD1A-4BCB94B02D9C}.Release|Any CPU.Build.0 = Release|Any CPU
		{693F7CF4-FC8B-42F8-AAE8-6DD002C022D5}.Debug|Any CPU.ActiveCfg = Debug|Any CPU
		{693F7CF4-FC8B-42F8-AAE8-6DD002C022D5}.Debug|Any CPU.Build.0 = Debug|Any CPU
		{693F7CF4-FC8B-42F8-AAE8-6DD002C022D5}.Release|Any CPU.ActiveCfg = Release|Any CPU
		{693F7CF4-FC8B-42F8-AAE8-6DD002C022D5}.Release|Any CPU.Build.0 = Release|Any CPU
		{72DAF9C5-7295-4882-9CD1-AEE5FD2AB44B}.Debug|Any CPU.ActiveCfg = Debug|Any CPU
		{72DAF9C5-7295-4882-9CD1-AEE5FD2AB44B}.Debug|Any CPU.Build.0 = Debug|Any CPU
		{72DAF9C5-7295-4882-9CD1-AEE5FD2AB44B}.Release|Any CPU.ActiveCfg = Release|Any CPU
		{72DAF9C5-7295-4882-9CD1-AEE5FD2AB44B}.Release|Any CPU.Build.0 = Release|Any CPU
		{9B13B8FD-FC7F-496D-AC0E-5487C0D1608F}.Debug|Any CPU.ActiveCfg = Debug|Any CPU
		{9B13B8FD-FC7F-496D-AC0E-5487C0D1608F}.Debug|Any CPU.Build.0 = Debug|Any CPU
		{9B13B8FD-FC7F-496D-AC0E-5487C0D1608F}.Release|Any CPU.ActiveCfg = Release|Any CPU
		{9B13B8FD-FC7F-496D-AC0E-5487C0D1608F}.Release|Any CPU.Build.0 = Release|Any CPU
		{BF64FCA2-FD25-42A1-A0B7-EA48B839EFE3}.Debug|Any CPU.ActiveCfg = Debug|Any CPU
		{BF64FCA2-FD25-42A1-A0B7-EA48B839EFE3}.Debug|Any CPU.Build.0 = Debug|Any CPU
		{BF64FCA2-FD25-42A1-A0B7-EA48B839EFE3}.Release|Any CPU.ActiveCfg = Release|Any CPU
		{BF64FCA2-FD25-42A1-A0B7-EA48B839EFE3}.Release|Any CPU.Build.0 = Release|Any CPU
		{C5518C86-09CA-427B-836A-65C551836AB1}.Debug|Any CPU.ActiveCfg = Debug|Any CPU
		{C5518C86-09CA-427B-836A-65C551836AB1}.Debug|Any CPU.Build.0 = Debug|Any CPU
		{C5518C86-09CA-427B-836A-65C551836AB1}.Release|Any CPU.ActiveCfg = Release|Any CPU
		{C5518C86-09CA-427B-836A-65C551836AB1}.Release|Any CPU.Build.0 = Release|Any CPU
		{BF64FCA2-FD25-42A1-A0B7-EA48B839EFE3}.Debug|Any CPU.ActiveCfg = Debug|Any CPU
		{BF64FCA2-FD25-42A1-A0B7-EA48B839EFE3}.Debug|Any CPU.ActiveCfg = Debug|Any CPU
		{BF64FCA2-FD25-42A1-A0B7-EA48B839EFE3}.Debug|Any CPU.Build.0 = Debug|Any CPU
		{BF64FCA2-FD25-42A1-A0B7-EA48B839EFE3}.Debug|Any CPU.Build.0 = Debug|Any CPU
		{BF64FCA2-FD25-42A1-A0B7-EA48B839EFE3}.Release|Any CPU.ActiveCfg = Release|Any CPU
		{BF64FCA2-FD25-42A1-A0B7-EA48B839EFE3}.Release|Any CPU.ActiveCfg = Release|Any CPU
		{BF64FCA2-FD25-42A1-A0B7-EA48B839EFE3}.Release|Any CPU.Build.0 = Release|Any CPU
		{BF64FCA2-FD25-42A1-A0B7-EA48B839EFE3}.Release|Any CPU.Build.0 = Release|Any CPU
	EndGlobalSection
	GlobalSection(NestedProjects) = preSolution
		{143B9EF3-6841-454B-B231-9EDB495FA3FD} = {01529A97-A2E4-4393-993A-DE78719E9C30}
		{57470D69-BC99-40FC-AD1A-4BCB94B02D9C} = {02D0A242-D63C-4243-8ED8-CF8DD9CC4A29}
		{01F669C5-BD80-42E8-BA49-68DE4D28C5E0} = {02D0A242-D63C-4243-8ED8-CF8DD9CC4A29}
		{BF64FCA2-FD25-42A1-A0B7-EA48B839EFE3} = {02D0A242-D63C-4243-8ED8-CF8DD9CC4A29}
	EndGlobalSection
	GlobalSection(MonoDevelopProperties) = preSolution
		StartupItem = src\Synapse.CocoaClient\Synapse.CocoaClient.csproj
		Policies = $0
		$0.ChangeLogPolicy = $1
		$1.UpdateMode = ProjectRoot
		$1.MessageStyle = $2
		$2.LineAlign = 0
		$1.inheritsSet = Mono
		name = Synapse
	EndGlobalSection
EndGlobal
